PODS:
  - Expecta (1.0.3)
  - Specta (1.0.4)

DEPENDENCIES:
  - Expecta
  - Specta (from `https://github.com/specta/specta.git`)

EXTERNAL SOURCES:
  Specta:
    :git: https://github.com/specta/specta.git

CHECKOUT OPTIONS:
  Specta:
    :commit: 8f7ac2989d5ad953ded6c3c3668ee128cd2e5683
    :git: https://github.com/specta/specta.git

SPEC CHECKSUMS:
  Expecta: 9d1bff6c8b0eeee73a166a2ee898892478927a15
  Specta: 69bb134672aae190a1379ff91df07dad8dd1f869

COCOAPODS: 0.38.2
